{
  "name": "@amlhubs/soaml",
  "version": "0.0.1",
  "lockfileVersion": 3,
  "requires": true,
  "packages": {
    "": {
      "name": "@amlhubs/soaml",
      "version": "0.0.1",
      "license": "UNLICENSED",
      "devDependencies": {
        "@amlhubs/uml": "^0.0.2"
      },
      "peerDependencies": {
        "@amlhubs/uml": "^0.0.2"
      }
    },
    "node_modules/@amlhubs/uml": {
      "version": "0.0.2",
      "resolved": "https://npm.pkg.github.com/download/@amlhubs/uml/0.0.2/9fd1be4d27ed1d76a16cb4f1d058cbf045ff05b3",
      "integrity": "sha512-Yor9mBa0uFOPMcUnc3xIYHzstvO0m0DNTpImUgXAgTfURYISj1hLF9GEbSbNDTChmsmd+QxOpoKYaPWk2uTwcQ==",
      "dev": true,
      "license": "UNLICENSED"
    }
  }
}
